
Microsoft Visual Studio Solution File, Format Version 12.00
# Visual Studio Version 17
VisualStudioVersion = 17.9.34714.143
MinimumVisualStudioVersion = 10.0.40219.1
Project("{9A19103F-16F7-4668-BE54-9A1E7A4F7556}") = "1_TiposDatos_&&_Var", "1_TiposDatos_&&_Var\1_TiposDatos_&&_Var.csproj", "{18F7F51F-597B-4F6A-B413-7EBD239424B8}"
EndProject
Project("{9A19103F-16F7-4668-BE54-9A1E7A4F7556}") = "2_Clases_Objetos_Constructores", "2_Clases_Objetos_Constructores\2_Clases_Objetos_Constructores.csproj", "{96464E88-B7F5-4DBA-879E-9DFC246336C0}"
EndProject
Project("{9A19103F-16F7-4668-BE54-9A1E7A4F7556}") = "3_Arreglos_Listas", "3_Arreglos_Listas\3_Arreglos_Listas.csproj", "{4A5BF98C-3834-4B26-AC0F-7A242EE8BAE2}"
EndProject
Project("{9A19103F-16F7-4668-BE54-9A1E7A4F7556}") = "4_Interfaces", "4_Interfaces\4_Interfaces.csproj", "{7FE88D6C-A124-4E49-8FA3-82A02A78B1F5}"
EndProject
Project("{9A19103F-16F7-4668-BE54-9A1E7A4F7556}") = "5_ConexionDB", "5_ConexionDB\5_ConexionDB.csproj", "{067B0D4F-91B9-4C8B-A906-06D43CFAFDC9}"
EndProject
Project("{9A19103F-16F7-4668-BE54-9A1E7A4F7556}") = "6_DB_Crear_Editar_Eliminar", "6_DB_Crear_Editar_Eliminar\6_DB_Crear_Editar_Eliminar.csproj", "{E3DF8094-BBFB-4B98-94C9-D23B5B515DE5}"
EndProject
Project("{9A19103F-16F7-4668-BE54-9A1E7A4F7556}") = "7_Serializacion_de_obajetos_deserializacion_json", "7_Serializacion_de_obajetos_deserializacion_json\7_Serializacion_de_obajetos_deserializacion_json.csproj", "{F27B0269-6C32-42B5-AAF5-7F1298C316A1}"
EndProject
Project("{9A19103F-16F7-4668-BE54-9A1E7A4F7556}") = "8_Solicitudes_serviciosWeb_por_HTTP_Get", "8_Solicitudes_serviciosWeb_por_HTTP_Get\8_Solicitudes_serviciosWeb_por_HTTP_Get.csproj", "{33CF477A-40AD-451C-B880-0148A2FAEA71}"
EndProject
Project("{9A19103F-16F7-4668-BE54-9A1E7A4F7556}") = "9_Envio__serviciosWeb_Http_POST_PUT_DELETE", "9_Envio__serviciosWeb_Http_POST_PUT_DELETE\9_Envio__serviciosWeb_Http_POST_PUT_DELETE.csproj", "{CA4AE7C8-9CE1-4CE4-956D-6CFBC22444E1}"
EndProject
Project("{9A19103F-16F7-4668-BE54-9A1E7A4F7556}") = "10_Generics", "10_Generics\10_Generics.csproj", "{B531B343-16EB-4B83-B2B9-F3290E2F28C9}"
EndProject
Project("{9A19103F-16F7-4668-BE54-9A1E7A4F7556}") = "11_Linq", "11_Linq\11_Linq.csproj", "{6C9FDB94-8BDA-40B8-9BB1-F1D96728835F}"
EndProject
Project("{9A19103F-16F7-4668-BE54-9A1E7A4F7556}") = "12_Linq", "12_Linq\12_Linq.csproj", "{C162232E-0996-40DB-82E3-60C1CBF0E524}"
EndProject
Project("{9A19103F-16F7-4668-BE54-9A1E7A4F7556}") = "13_Excepciones", "13_Excepciones\13_Excepciones.csproj", "{219F6534-498E-4926-8AEA-9CD3C4C1DC83}"
EndProject
Project("{9A19103F-16F7-4668-BE54-9A1E7A4F7556}") = "14_Delegados, Func y Action", "14_Delegados, Func y Action\14_Delegados, Func y Action.csproj", "{C2945386-A00B-41F1-B439-3EB16757843F}"
EndProject
Project("{FAE04EC0-301F-11D3-BF4B-00C04F79EFBC}") = "15_Predicate", "15_Predicate\15_Predicate.csproj", "{740562E0-E90E-41C2-9E40-F419549930EA}"
EndProject
Global
	GlobalSection(SolutionConfigurationPlatforms) = preSolution
		Debug|Any CPU = Debug|Any CPU
		Release|Any CPU = Release|Any CPU
	EndGlobalSection
	GlobalSection(ProjectConfigurationPlatforms) = postSolution
		{18F7F51F-597B-4F6A-B413-7EBD239424B8}.Debug|Any CPU.ActiveCfg = Debug|Any CPU
		{18F7F51F-597B-4F6A-B413-7EBD239424B8}.Debug|Any CPU.Build.0 = Debug|Any CPU
		{18F7F51F-597B-4F6A-B413-7EBD239424B8}.Release|Any CPU.ActiveCfg = Release|Any CPU
		{18F7F51F-597B-4F6A-B413-7EBD239424B8}.Release|Any CPU.Build.0 = Release|Any CPU
		{96464E88-B7F5-4DBA-879E-9DFC246336C0}.Debug|Any CPU.ActiveCfg = Debug|Any CPU
		{96464E88-B7F5-4DBA-879E-9DFC246336C0}.Debug|Any CPU.Build.0 = Debug|Any CPU
		{96464E88-B7F5-4DBA-879E-9DFC246336C0}.Release|Any CPU.ActiveCfg = Release|Any CPU
		{96464E88-B7F5-4DBA-879E-9DFC246336C0}.Release|Any CPU.Build.0 = Release|Any CPU
		{4A5BF98C-3834-4B26-AC0F-7A242EE8BAE2}.Debug|Any CPU.ActiveCfg = Debug|Any CPU
		{4A5BF98C-3834-4B26-AC0F-7A242EE8BAE2}.Debug|Any CPU.Build.0 = Debug|Any CPU
		{4A5BF98C-3834-4B26-AC0F-7A242EE8BAE2}.Release|Any CPU.ActiveCfg = Release|Any CPU
		{4A5BF98C-3834-4B26-AC0F-7A242EE8BAE2}.Release|Any CPU.Build.0 = Release|Any CPU
		{7FE88D6C-A124-4E49-8FA3-82A02A78B1F5}.Debug|Any CPU.ActiveCfg = Debug|Any CPU
		{7FE88D6C-A124-4E49-8FA3-82A02A78B1F5}.Debug|Any CPU.Build.0 = Debug|Any CPU
		{7FE88D6C-A124-4E49-8FA3-82A02A78B1F5}.Release|Any CPU.ActiveCfg = Release|Any CPU
		{7FE88D6C-A124-4E49-8FA3-82A02A78B1F5}.Release|Any CPU.Build.0 = Release|Any CPU
		{067B0D4F-91B9-4C8B-A906-06D43CFAFDC9}.Debug|Any CPU.ActiveCfg = Debug|Any CPU
		{067B0D4F-91B9-4C8B-A906-06D43CFAFDC9}.Debug|Any CPU.Build.0 = Debug|Any CPU
		{067B0D4F-91B9-4C8B-A906-06D43CFAFDC9}.Release|Any CPU.ActiveCfg = Release|Any CPU
		{067B0D4F-91B9-4C8B-A906-06D43CFAFDC9}.Release|Any CPU.Build.0 = Release|Any CPU
		{E3DF8094-BBFB-4B98-94C9-D23B5B515DE5}.Debug|Any CPU.ActiveCfg = Debug|Any CPU
		{E3DF8094-BBFB-4B98-94C9-D23B5B515DE5}.Debug|Any CPU.Build.0 = Debug|Any CPU
		{E3DF8094-BBFB-4B98-94C9-D23B5B515DE5}.Release|Any CPU.ActiveCfg = Release|Any CPU
		{E3DF8094-BBFB-4B98-94C9-D23B5B515DE5}.Release|Any CPU.Build.0 = Release|Any CPU
		{F27B0269-6C32-42B5-AAF5-7F1298C316A1}.Debug|Any CPU.ActiveCfg = Debug|Any CPU
		{F27B0269-6C32-42B5-AAF5-7F1298C316A1}.Debug|Any CPU.Build.0 = Debug|Any CPU
		{F27B0269-6C32-42B5-AAF5-7F1298C316A1}.Release|Any CPU.ActiveCfg = Release|Any CPU
		{F27B0269-6C32-42B5-AAF5-7F1298C316A1}.Release|Any CPU.Build.0 = Release|Any CPU
		{33CF477A-40AD-451C-B880-0148A2FAEA71}.Debug|Any CPU.ActiveCfg = Debug|Any CPU
		{33CF477A-40AD-451C-B880-0148A2FAEA71}.Debug|Any CPU.Build.0 = Debug|Any CPU
		{33CF477A-40AD-451C-B880-0148A2FAEA71}.Release|Any CPU.ActiveCfg = Release|Any CPU
		{33CF477A-40AD-451C-B880-0148A2FAEA71}.Release|Any CPU.Build.0 = Release|Any CPU
		{CA4AE7C8-9CE1-4CE4-956D-6CFBC22444E1}.Debug|Any CPU.ActiveCfg = Debug|Any CPU
		{CA4AE7C8-9CE1-4CE4-956D-6CFBC22444E1}.Debug|Any CPU.Build.0 = Debug|Any CPU
		{CA4AE7C8-9CE1-4CE4-956D-6CFBC22444E1}.Release|Any CPU.ActiveCfg = Release|Any CPU
		{CA4AE7C8-9CE1-4CE4-956D-6CFBC22444E1}.Release|Any CPU.Build.0 = Release|Any CPU
		{B531B343-16EB-4B83-B2B9-F3290E2F28C9}.Debug|Any CPU.ActiveCfg = Debug|Any CPU
		{B531B343-16EB-4B83-B2B9-F3290E2F28C9}.Debug|Any CPU.Build.0 = Debug|Any CPU
		{B531B343-16EB-4B83-B2B9-F3290E2F28C9}.Release|Any CPU.ActiveCfg = Release|Any CPU
		{B531B343-16EB-4B83-B2B9-F3290E2F28C9}.Release|Any CPU.Build.0 = Release|Any CPU
		{6C9FDB94-8BDA-40B8-9BB1-F1D96728835F}.Debug|Any CPU.ActiveCfg = Debug|Any CPU
		{6C9FDB94-8BDA-40B8-9BB1-F1D96728835F}.Debug|Any CPU.Build.0 = Debug|Any CPU
		{6C9FDB94-8BDA-40B8-9BB1-F1D96728835F}.Release|Any CPU.ActiveCfg = Release|Any CPU
		{6C9FDB94-8BDA-40B8-9BB1-F1D96728835F}.Release|Any CPU.Build.0 = Release|Any CPU
		{C162232E-0996-40DB-82E3-60C1CBF0E524}.Debug|Any CPU.ActiveCfg = Debug|Any CPU
		{C162232E-0996-40DB-82E3-60C1CBF0E524}.Debug|Any CPU.Build.0 = Debug|Any CPU
		{C162232E-0996-40DB-82E3-60C1CBF0E524}.Release|Any CPU.ActiveCfg = Release|Any CPU
		{C162232E-0996-40DB-82E3-60C1CBF0E524}.Release|Any CPU.Build.0 = Release|Any CPU
		{219F6534-498E-4926-8AEA-9CD3C4C1DC83}.Debug|Any CPU.ActiveCfg = Debug|Any CPU
		{219F6534-498E-4926-8AEA-9CD3C4C1DC83}.Debug|Any CPU.Build.0 = Debug|Any CPU
		{219F6534-498E-4926-8AEA-9CD3C4C1DC83}.Release|Any CPU.ActiveCfg = Release|Any CPU
		{219F6534-498E-4926-8AEA-9CD3C4C1DC83}.Release|Any CPU.Build.0 = Release|Any CPU
		{C2945386-A00B-41F1-B439-3EB16757843F}.Debug|Any CPU.ActiveCfg = Debug|Any CPU
		{C2945386-A00B-41F1-B439-3EB16757843F}.Debug|Any CPU.Build.0 = Debug|Any CPU
		{C2945386-A00B-41F1-B439-3EB16757843F}.Release|Any CPU.ActiveCfg = Release|Any CPU
		{C2945386-A00B-41F1-B439-3EB16757843F}.Release|Any CPU.Build.0 = Release|Any CPU
		{740562E0-E90E-41C2-9E40-F419549930EA}.Debug|Any CPU.ActiveCfg = Debug|Any CPU
		{740562E0-E90E-41C2-9E40-F419549930EA}.Debug|Any CPU.Build.0 = Debug|Any CPU
		{740562E0-E90E-41C2-9E40-F419549930EA}.Release|Any CPU.ActiveCfg = Release|Any CPU
		{740562E0-E90E-41C2-9E40-F419549930EA}.Release|Any CPU.Build.0 = Release|Any CPU
	EndGlobalSection
	GlobalSection(SolutionProperties) = preSolution
		HideSolutionNode = FALSE
	EndGlobalSection
	GlobalSection(ExtensibilityGlobals) = postSolution
		SolutionGuid = {739AB267-DA50-4FFF-A1E1-459BCAFA0854}
	EndGlobalSection
EndGlobal
